
Microsoft Visual Studio Solution File, Format Version 12.00
# Visual Studio Version 17
VisualStudioVersion = 17.5.002.0
MinimumVisualStudioVersion = 10.0.40219.1
Project("{2150E333-8FDC-42A3-9474-1A3956D46DE8}") = "Rockaway", "Rockaway", "{09FF0A11-1FAD-463D-85BB-A377E6B230D7}"
EndProject
Project("{9A19103F-16F7-4668-BE54-9A1E7A4F7556}") = "Rockaway.WebApp", "Rockaway\Rockaway.WebApp\Rockaway.WebApp.csproj", "{93AB4ED4-248C-44A7-A89B-B6C7F53591BC}"
EndProject
Global
	GlobalSection(SolutionConfigurationPlatforms) = preSolution
		Debug|Any CPU = Debug|Any CPU
		Release|Any CPU = Release|Any CPU
	EndGlobalSection
	GlobalSection(ProjectConfigurationPlatforms) = postSolution
		{93AB4ED4-248C-44A7-A89B-B6C7F53591BC}.Debug|Any CPU.ActiveCfg = Debug|Any CPU
		{93AB4ED4-248C-44A7-A89B-B6C7F53591BC}.Debug|Any CPU.Build.0 = Debug|Any CPU
		{93AB4ED4-248C-44A7-A89B-B6C7F53591BC}.Release|Any CPU.ActiveCfg = Release|Any CPU
		{93AB4ED4-248C-44A7-A89B-B6C7F53591BC}.Release|Any CPU.Build.0 = Release|Any CPU
	EndGlobalSection
	GlobalSection(SolutionProperties) = preSolution
		HideSolutionNode = FALSE
	EndGlobalSection
	GlobalSection(NestedProjects) = preSolution
		{93AB4ED4-248C-44A7-A89B-B6C7F53591BC} = {09FF0A11-1FAD-463D-85BB-A377E6B230D7}
	EndGlobalSection
	GlobalSection(ExtensibilityGlobals) = postSolution
		SolutionGuid = {55240CAB-F8E4-40A4-AA3F-5B712B2D90FE}
	EndGlobalSection
EndGlobal
