Microsoft Visual Studio Solution File, Format Version 12.00
# Visual Studio Version 17
VisualStudioVersion = 17.8.0.0
MinimumVisualStudioVersion = 17.8.0.0
Project("{9A19103F-16F7-4668-BE54-9A1E7A4F7556}") = "aspire.AppHost", "aspire.AppHost\aspire.AppHost.csproj", "{80E55309-C56B-4E2F-AD9B-181B0A696384}"
EndProject
Project("{9A19103F-16F7-4668-BE54-9A1E7A4F7556}") = "aspire.ServiceDefaults", "aspire.ServiceDefaults\aspire.ServiceDefaults.csproj", "{E21A0473-C113-4824-AC5A-97866469E59E}"
EndProject
Project("{9A19103F-16F7-4668-BE54-9A1E7A4F7556}") = "aspire.ApiService", "aspire.ApiService\aspire.ApiService.csproj", "{0CC9254C-F9C2-4794-BD01-374335F94173}"
EndProject
Project("{9A19103F-16F7-4668-BE54-9A1E7A4F7556}") = "aspire.Web", "aspire.Web\aspire.Web.csproj", "{D5D61026-73D3-4ECC-9B92-DF8BFACB6C0F}"
EndProject
Global
	GlobalSection(SolutionConfigurationPlatforms) = preSolution
		Debug|Any CPU = Debug|Any CPU
		Release|Any CPU = Release|Any CPU
	EndGlobalSection
	GlobalSection(ProjectConfigurationPlatforms) = postSolution
		{80E55309-C56B-4E2F-AD9B-181B0A696384}.Debug|Any CPU.ActiveCfg = Debug|Any CPU
		{80E55309-C56B-4E2F-AD9B-181B0A696384}.Debug|Any CPU.Build.0 = Debug|Any CPU
		{80E55309-C56B-4E2F-AD9B-181B0A696384}.Release|Any CPU.ActiveCfg = Release|Any CPU
		{80E55309-C56B-4E2F-AD9B-181B0A696384}.Release|Any CPU.Build.0 = Release|Any CPU
		{E21A0473-C113-4824-AC5A-97866469E59E}.Debug|Any CPU.ActiveCfg = Debug|Any CPU
		{E21A0473-C113-4824-AC5A-97866469E59E}.Debug|Any CPU.Build.0 = Debug|Any CPU
		{E21A0473-C113-4824-AC5A-97866469E59E}.Release|Any CPU.ActiveCfg = Release|Any CPU
		{E21A0473-C113-4824-AC5A-97866469E59E}.Release|Any CPU.Build.0 = Release|Any CPU
		{0CC9254C-F9C2-4794-BD01-374335F94173}.Debug|Any CPU.ActiveCfg = Debug|Any CPU
		{0CC9254C-F9C2-4794-BD01-374335F94173}.Debug|Any CPU.Build.0 = Debug|Any CPU
		{0CC9254C-F9C2-4794-BD01-374335F94173}.Release|Any CPU.ActiveCfg = Release|Any CPU
		{0CC9254C-F9C2-4794-BD01-374335F94173}.Release|Any CPU.Build.0 = Release|Any CPU
		{D5D61026-73D3-4ECC-9B92-DF8BFACB6C0F}.Debug|Any CPU.ActiveCfg = Debug|Any CPU
		{D5D61026-73D3-4ECC-9B92-DF8BFACB6C0F}.Debug|Any CPU.Build.0 = Debug|Any CPU
		{D5D61026-73D3-4ECC-9B92-DF8BFACB6C0F}.Release|Any CPU.ActiveCfg = Release|Any CPU
		{D5D61026-73D3-4ECC-9B92-DF8BFACB6C0F}.Release|Any CPU.Build.0 = Release|Any CPU
	EndGlobalSection
	GlobalSection(SolutionProperties) = preSolution
		HideSolutionNode = FALSE
	EndGlobalSection
	GlobalSection(ExtensibilityGlobals) = postSolution
		SolutionGuid = {6127C3FC-CE2E-4B0D-B4F9-A949BC965817}
	EndGlobalSection
EndGlobal
