
Microsoft Visual Studio Solution File, Format Version 12.00
# Visual Studio Version 17
VisualStudioVersion = 17.5.002.0
MinimumVisualStudioVersion = 10.0.40219.1
Project("{9A19103F-16F7-4668-BE54-9A1E7A4F7556}") = "ExtensionMethodExamples", "ExtensionMethodExamples.csproj", "{2C487E47-2982-4108-940D-A996059DFBD1}"
EndProject
Global
	GlobalSection(SolutionConfigurationPlatforms) = preSolution
		Debug|Any CPU = Debug|Any CPU
		Release|Any CPU = Release|Any CPU
	EndGlobalSection
	GlobalSection(ProjectConfigurationPlatforms) = postSolution
		{2C487E47-2982-4108-940D-A996059DFBD1}.Debug|Any CPU.ActiveCfg = Debug|Any CPU
		{2C487E47-2982-4108-940D-A996059DFBD1}.Debug|Any CPU.Build.0 = Debug|Any CPU
		{2C487E47-2982-4108-940D-A996059DFBD1}.Release|Any CPU.ActiveCfg = Release|Any CPU
		{2C487E47-2982-4108-940D-A996059DFBD1}.Release|Any CPU.Build.0 = Release|Any CPU
	EndGlobalSection
	GlobalSection(SolutionProperties) = preSolution
		HideSolutionNode = FALSE
	EndGlobalSection
	GlobalSection(ExtensibilityGlobals) = postSolution
		SolutionGuid = {58A7DC99-4C20-4F8F-8CC7-2E3FE4DA7626}
	EndGlobalSection
EndGlobal
